# This file is autogenerated, do not edit; changes may be undone by the next 'dep ensure'.


[[projects]]
  digest = "1:a0af37cea80f751236b51aeb69ea8d0d608d7dcd7afac262a4b590316be2ef6d"
  name = "github.com/Scalingo/go-handlers"
  packages = ["."]
  pruneopts = "UT"
  revision = "d30fbbd3adddda1d86e0dbeb261c607bfe31eda4"
  version = "v1.2.4"

[[projects]]
  digest = "1:2020e55003ee4ff8693dc5fe5e93132f0f681ec6495ee6fdf7486fb93ebb5e96"
  name = "github.com/Scalingo/go-utils"
  packages = [
    "errors",
    "logger",
    "mongo",
    "mongo/document",
  ]
  pruneopts = "UT"
  revision = "d8c68a6469f0b8242544cf7dc36cbb6ab8ed0f9d"
  version = "v5.5.1"

[[projects]]
  digest = "1:d688f4ad71b5dfad95c2d74cb0feac09f8f3c32ae5cecc078230dbdeece39e53"
  name = "github.com/codegangsta/negroni"
  packages = ["."]
  pruneopts = "UT"
  revision = "c6a59be0ce122566695fbd5e48a77f8f10c8a63a"
  version = "v1.0.0"

[[projects]]
  digest = "1:c79fb010be38a59d657c48c6ba1d003a8aa651fa56b579d959d74573b7dff8e1"
  name = "github.com/gorilla/context"
  packages = ["."]
  pruneopts = "UT"
  revision = "08b5f424b9271eedf6f9f0ce86cb9396ed337a42"
  version = "v1.1.1"

[[projects]]
  digest = "1:664d37ea261f0fc73dd17f4a1f5f46d01fbb0b0d75f6375af064824424109b7d"
  name = "github.com/gorilla/handlers"
  packages = ["."]
  pruneopts = "UT"
  revision = "7e0847f9db758cdebd26c149d0ae9d5d0b9c98ce"
  version = "v1.4.0"

[[projects]]
  digest = "1:e73f5b0152105f18bc131fba127d9949305c8693f8a762588a82a48f61756f5f"
  name = "github.com/gorilla/mux"
  packages = ["."]
  pruneopts = "UT"
  revision = "e3702bed27f0d39777b0b37b664b6280e8ef8fbf"
  version = "v1.6.2"

[[projects]]
  branch = "master"
  digest = "1:b1d3633112b99ac64fbdb7d67652b0e9107cbe691f90699a995d3db9ba8d7458"
  name = "github.com/johnsudaar/atem"
  packages = ["."]
  pruneopts = "UT"
  revision = "778b44bd698eb17ee8ed277091c05562e20802c1"

[[projects]]
  branch = "master"
  digest = "1:5b83f2c61a7dbf6b75273f6d958a62a0f13e888a4f432de07bd2438d46066df9"
  name = "github.com/johnsudaar/jvc_api"
  packages = ["client"]
  pruneopts = "UT"
  revision = "aa87b6844f9cf95ac972bed947e8074fdb3b9a37"

[[projects]]
  digest = "1:edbef42561faa44c19129b68d1e109fbc1647f63239250391eadc8d0e7c9f669"
  name = "github.com/kelseyhightower/envconfig"
  packages = ["."]
  pruneopts = "UT"
  revision = "f611eb38b3875cc3bd991ca91c51d06446afa14c"
  version = "v1.3.0"

[[projects]]
  digest = "1:0a69a1c0db3591fcefb47f115b224592c8dfa4368b7ba9fae509d5e16cdc95c8"
  name = "github.com/konsorten/go-windows-terminal-sequences"
  packages = ["."]
  pruneopts = "UT"
  revision = "5c8c8bd35d3832f5d134ae1e1e375b69a4d25242"
  version = "v1.0.1"

[[projects]]
  digest = "1:40e195917a951a8bf867cd05de2a46aaf1806c50cf92eebf4c16f78cd196f747"
  name = "github.com/pkg/errors"
  packages = ["."]
  pruneopts = "UT"
  revision = "645ef00459ed84a119197bfb8d8205042c6df63d"
  version = "v0.8.0"

[[projects]]
  branch = "master"
  digest = "1:a3b8912deeef29007fab9a13a9f21b9e9b59c621a2ed61e2fe7b37320a71fbd5"
  name = "github.com/satori/go.uuid"
  packages = ["."]
  pruneopts = "UT"
  revision = "b2ce2384e17bbe0c6d34077efa39dbab3e09123b"

[[projects]]
  digest = "1:69b1cc331fca23d702bd72f860c6a647afd0aa9fcbc1d0659b1365e26546dd70"
  name = "github.com/sirupsen/logrus"
  packages = ["."]
  pruneopts = "UT"
  revision = "bcd833dfe83d3cebad139e4a29ed79cb2318bf95"
  version = "v1.2.0"

[[projects]]
  digest = "1:220454f22582ee261c09b310a14e6979886069808a696005c5ca998f80eca0cf"
  name = "github.com/xinsnake/go-http-digest-auth-client"
  packages = ["."]
  pruneopts = "UT"
  revision = "9da83de55d71220f00cbffb736dba373e6e683b1"
  version = "v0.4.0"

[[projects]]
  branch = "master"
  digest = "1:38f553aff0273ad6f367cb0a0f8b6eecbaef8dc6cb8b50e57b6a81c1d5b1e332"
  name = "golang.org/x/crypto"
  packages = ["ssh/terminal"]
  pruneopts = "UT"
  revision = "ff983b9c42bc9fbf91556e191cc8efb585c16908"

[[projects]]
  branch = "master"
  digest = "1:191cccd950a4aeadb60306062f2bdc2f924d750d0156ec6c691b17211bfd7349"
  name = "golang.org/x/sys"
  packages = [
    "unix",
    "windows",
  ]
  pruneopts = "UT"
  revision = "82a175fd1598e8a172e58ebdf5ed262bb29129e5"

[[projects]]
  branch = "v1"
  digest = "1:9f0c81ca4b497d3723d0a66495d8a1efe277068b77ef3ad2d6460e480bf09bb3"
  name = "gopkg.in/errgo.v1"
  packages = ["."]
  pruneopts = "UT"
  revision = "2393dcb274505bf26bf828549fcb4939c68d37c5"

[[projects]]
  branch = "v2"
  digest = "1:988de7520a09024d5d94cd99bd545afbf194893994ec759b1cda0a0bbb6adb80"
  name = "gopkg.in/mgo.v2"
  packages = [
    ".",
    "bson",
    "internal/json",
    "internal/sasl",
    "internal/scram",
  ]
  pruneopts = "UT"
  revision = "9856a29383ce1c59f308dd1cf0363a79b5bef6b5"

[solve-meta]
  analyzer-name = "dep"
  analyzer-version = 1
  input-imports = [
    "github.com/Scalingo/go-handlers",
    "github.com/Scalingo/go-utils/logger",
    "github.com/Scalingo/go-utils/mongo/document",
    "github.com/gorilla/handlers",
    "github.com/johnsudaar/atem",
    "github.com/johnsudaar/jvc_api/client",
    "github.com/kelseyhightower/envconfig",
    "github.com/pkg/errors",
    "github.com/sirupsen/logrus",
    "gopkg.in/mgo.v2/bson",
  ]
  solver-name = "gps-cdcl"
  solver-version = 1
